
Microsoft Visual Studio Solution File, Format Version 12.00
# Visual Studio Version 17
VisualStudioVersion = 17.7.34024.191
MinimumVisualStudioVersion = 10.0.40219.1
Project("{FAE04EC0-301F-11D3-BF4B-00C04F79EFBC}") = "ToDoList", "ToDoList\ToDoList.csproj", "{ECB4DF2C-2065-4F1B-B040-773B08D07A61}"
EndProject
Global
	GlobalSection(SolutionConfigurationPlatforms) = preSolution
		Debug|Any CPU = Debug|Any CPU
		Release|Any CPU = Release|Any CPU
	EndGlobalSection
	GlobalSection(ProjectConfigurationPlatforms) = postSolution
		{ECB4DF2C-2065-4F1B-B040-773B08D07A61}.Debug|Any CPU.ActiveCfg = Debug|Any CPU
		{ECB4DF2C-2065-4F1B-B040-773B08D07A61}.Debug|Any CPU.Build.0 = Debug|Any CPU
		{ECB4DF2C-2065-4F1B-B040-773B08D07A61}.Release|Any CPU.ActiveCfg = Release|Any CPU
		{ECB4DF2C-2065-4F1B-B040-773B08D07A61}.Release|Any CPU.Build.0 = Release|Any CPU
	EndGlobalSection
	GlobalSection(SolutionProperties) = preSolution
		HideSolutionNode = FALSE
	EndGlobalSection
	GlobalSection(ExtensibilityGlobals) = postSolution
		SolutionGuid = {A9ABB61A-DF25-410F-8C5F-76CB7243B1A2}
	EndGlobalSection
EndGlobal
